
Microsoft Visual Studio Solution File, Format Version 12.00
# Visual Studio Version 17
VisualStudioVersion = 17.3.32819.101
MinimumVisualStudioVersion = 10.0.40219.1
Project("{FAE04EC0-301F-11D3-BF4B-00C04F79EFBC}") = "DARYLSILVESTRE.PRELIMEXAM.", "..\DARYLSILVESTRE.PRELIMEXAM\DARYLSILVESTRE.PRELIMEXAM..csproj", "{45C883AB-B39A-4B02-9046-65346D33EEC5}"
EndProject
Global
	GlobalSection(SolutionConfigurationPlatforms) = preSolution
		Debug|Any CPU = Debug|Any CPU
		Release|Any CPU = Release|Any CPU
	EndGlobalSection
	GlobalSection(ProjectConfigurationPlatforms) = postSolution
		{45C883AB-B39A-4B02-9046-65346D33EEC5}.Debug|Any CPU.ActiveCfg = Debug|Any CPU
		{45C883AB-B39A-4B02-9046-65346D33EEC5}.Debug|Any CPU.Build.0 = Debug|Any CPU
		{45C883AB-B39A-4B02-9046-65346D33EEC5}.Release|Any CPU.ActiveCfg = Release|Any CPU
		{45C883AB-B39A-4B02-9046-65346D33EEC5}.Release|Any CPU.Build.0 = Release|Any CPU
	EndGlobalSection
	GlobalSection(SolutionProperties) = preSolution
		HideSolutionNode = FALSE
	EndGlobalSection
	GlobalSection(ExtensibilityGlobals) = postSolution
		SolutionGuid = {4113E22B-B8D6-45B6-B478-FC153A310496}
	EndGlobalSection
EndGlobal
